
Microsoft Visual Studio Solution File, Format Version 12.00
# Visual Studio Version 17
VisualStudioVersion = 17.6.33815.320
MinimumVisualStudioVersion = 10.0.40219.1
Project("{FAE04EC0-301F-11D3-BF4B-00C04F79EFBC}") = "project2", "project2\project2.csproj", "{9CA8B08B-3C81-4BC0-8DC2-7D7A0CCC9C68}"
EndProject
Global
	GlobalSection(SolutionConfigurationPlatforms) = preSolution
		Debug|Any CPU = Debug|Any CPU
		Release|Any CPU = Release|Any CPU
	EndGlobalSection
	GlobalSection(ProjectConfigurationPlatforms) = postSolution
		{9CA8B08B-3C81-4BC0-8DC2-7D7A0CCC9C68}.Debug|Any CPU.ActiveCfg = Debug|Any CPU
		{9CA8B08B-3C81-4BC0-8DC2-7D7A0CCC9C68}.Debug|Any CPU.Build.0 = Debug|Any CPU
		{9CA8B08B-3C81-4BC0-8DC2-7D7A0CCC9C68}.Release|Any CPU.ActiveCfg = Release|Any CPU
		{9CA8B08B-3C81-4BC0-8DC2-7D7A0CCC9C68}.Release|Any CPU.Build.0 = Release|Any CPU
	EndGlobalSection
	GlobalSection(SolutionProperties) = preSolution
		HideSolutionNode = FALSE
	EndGlobalSection
	GlobalSection(ExtensibilityGlobals) = postSolution
		SolutionGuid = {E474EF76-C82D-4365-B7AD-EB11B608DFE2}
	EndGlobalSection
EndGlobal
